
Microsoft Visual Studio Solution File, Format Version 12.00
# Visual Studio Version 16
VisualStudioVersion = 16.0.28711.60
MinimumVisualStudioVersion = 10.0.40219.1
Project("{9A19103F-16F7-4668-BE54-9A1E7A4F7556}") = "Async", "NetStandard\Various\Async\Async.csproj", "{AB0BD04C-9A70-4913-899C-E8C07792F76A}"
EndProject
Project("{9A19103F-16F7-4668-BE54-9A1E7A4F7556}") = "Cryptography", "NetStandard\Various\Cryptography\Cryptography.csproj", "{071635A7-4DC0-438D-A7CE-54493E137122}"
EndProject
Project("{9A19103F-16F7-4668-BE54-9A1E7A4F7556}") = "LiteDB", "NetStandard\DAL\LiteDB\LiteDB.csproj", "{76DAD7BD-942F-4614-8A23-15D0F0FBC737}"
EndProject
Project("{9A19103F-16F7-4668-BE54-9A1E7A4F7556}") = "ExifExtraction", "NetStandard\ImageProcessing\ExifExtraction\ExifExtraction.csproj", "{CE3F7FAD-0531-48C3-84FF-F1E02FF93B9A}"
EndProject
Project("{9A19103F-16F7-4668-BE54-9A1E7A4F7556}") = "Metadata", "NetStandard\ImageProcessing\Metadata\Metadata.csproj", "{B6CAD499-6245-41C9-879A-1F7391038FE8}"
EndProject
Project("{9A19103F-16F7-4668-BE54-9A1E7A4F7556}") = "IO", "NetStandard\Various\IO\IO.csproj", "{A1CBB589-FECD-47C2-A9A8-084B3FF943DA}"
EndProject
Project("{9A19103F-16F7-4668-BE54-9A1E7A4F7556}") = "Networking", "NetStandard\Various\Networking\Networking.csproj", "{B60A0DD3-D82E-4005-B04F-E0361D075260}"
EndProject
Project("{9A19103F-16F7-4668-BE54-9A1E7A4F7556}") = "Processes", "NetStandard\Various\Processes\Processes.csproj", "{E3771109-8E1E-4305-A788-2647AA291AAF}"
EndProject
Project("{9A19103F-16F7-4668-BE54-9A1E7A4F7556}") = "AutoCompleteTextBox", "WPF\Controls\AutoCompleteTextBox\AutoCompleteTextBox.csproj", "{19FC56EC-9859-4473-9941-E04FC5CC1B56}"
EndProject
Project("{9A19103F-16F7-4668-BE54-9A1E7A4F7556}") = "NumericUpDown", "WPF\Controls\NumericUpDown\NumericUpDown.csproj", "{4CA4CA61-E295-497F-B2FC-A7CB79FCB34E}"
EndProject
Project("{9A19103F-16F7-4668-BE54-9A1E7A4F7556}") = "SelectableTextBlock", "WPF\Controls\SelectableTextBlock\SelectableTextBlock.csproj", "{580A7870-5E19-4066-8E5E-136D93D2A5A0}"
EndProject
Project("{9A19103F-16F7-4668-BE54-9A1E7A4F7556}") = "Styles", "WPF\Controls\Styles\Styles.csproj", "{8AC9B34E-F4CB-402F-9B89-C81EA6CAE752}"
EndProject
Project("{9A19103F-16F7-4668-BE54-9A1E7A4F7556}") = "TimePicker", "WPF\Controls\TimePicker\TimePicker.csproj", "{25597554-6A18-4531-BB9D-2ECF25D607EE}"
EndProject
Project("{9A19103F-16F7-4668-BE54-9A1E7A4F7556}") = "ZoomBorder", "WPF\Controls\ZoomBorder\ZoomBorder.csproj", "{523E90EC-65BB-4EAB-A680-2834C42B840C}"
EndProject
Project("{9A19103F-16F7-4668-BE54-9A1E7A4F7556}") = "Converters", "WPF\Various\Converters\Converters.csproj", "{53D1FE04-05CA-4AC2-A1B5-1B2F8A72B3DB}"
EndProject
Project("{9A19103F-16F7-4668-BE54-9A1E7A4F7556}") = "Localization", "WPF\Various\Localization\Localization.csproj", "{8082A9E1-E32D-4650-A551-B43E7D1B2C1D}"
EndProject
Project("{9A19103F-16F7-4668-BE54-9A1E7A4F7556}") = "Startup", "WPF\Various\Startup\Startup.csproj", "{14EF8DE5-E348-4CA2-904B-504D2527F64D}"
EndProject
Project("{9A19103F-16F7-4668-BE54-9A1E7A4F7556}") = "ExternalBrowserHyperlink", "WPF\Controls\ExternalBrowserHyperlink\ExternalBrowserHyperlink.csproj", "{580A7870-5E19-4066-8E5E-136D93D2A5A3}"
EndProject
Project("{9A19103F-16F7-4668-BE54-9A1E7A4F7556}") = "Contracts", "WPF\View\Contracts\Contracts.csproj", "{E446730E-5EE0-4701-9A5B-A5CF81CC354C}"
EndProject
Project("{9A19103F-16F7-4668-BE54-9A1E7A4F7556}") = "Contracts", "NetStandard\View\Contracts\Contracts.csproj", "{B27DDDBC-0D06-471B-9C8A-75AA3290497B}"
EndProject
Project("{2150E333-8FDC-42A3-9474-1A3956D46DE8}") = ".NetStandard", ".NetStandard", "{74558523-84FA-4567-9305-E0D55054950E}"
	ProjectSection(SolutionItems) = preProject
		NetStandard\Directory.Build.props = NetStandard\Directory.Build.props
	EndProjectSection
EndProject
Project("{9A19103F-16F7-4668-BE54-9A1E7A4F7556}") = "Windows", "NetStandard\Sync\Windows\Windows.csproj", "{4BD0EA64-6304-4468-BAFA-58C48898BB1B}"
EndProject
Project("{9A19103F-16F7-4668-BE54-9A1E7A4F7556}") = "Commands", "NetStandard\MVVM\Commands\Commands.csproj", "{340DE1FD-54C0-49B8-8112-30FFB4019816}"
EndProject
Project("{9A19103F-16F7-4668-BE54-9A1E7A4F7556}") = "ViewModel", "NetStandard\MVVM\ViewModel\ViewModel.csproj", "{6AA269F5-3067-4B3B-BA72-1A98C0025E4B}"
EndProject
Project("{9A19103F-16F7-4668-BE54-9A1E7A4F7556}") = "CollectionView", "NetStandard\MVVM\CollectionView\CollectionView.csproj", "{AAEAE64E-7DEB-4850-BA41-68610E09E453}"
EndProject
Project("{9A19103F-16F7-4668-BE54-9A1E7A4F7556}") = "Localization", "NetStandard\Various\Localization\Localization.csproj", "{A2AE8E90-E68F-4916-9960-BCBA0EEDA221}"
EndProject
Project("{9A19103F-16F7-4668-BE54-9A1E7A4F7556}") = "Contracts", "NetStandard\ApplicationLifetime\Contracts\Contracts.csproj", "{35B636C1-D376-4A9F-9CCA-FB73A2220E83}"
EndProject
Project("{2150E333-8FDC-42A3-9474-1A3956D46DE8}") = "WPF", "WPF", "{407943AC-A937-4E8F-BCD7-8DBBCBB54811}"
	ProjectSection(SolutionItems) = preProject
		WPF\Directory.Build.props = WPF\Directory.Build.props
	EndProjectSection
EndProject
Project("{2150E333-8FDC-42A3-9474-1A3956D46DE8}") = "Solution Items", "Solution Items", "{477CF2CE-4F42-475E-A345-6F366E9BBAF4}"
	ProjectSection(SolutionItems) = preProject
		.gitignore = .gitignore
		Assembly.cs = Assembly.cs
		CodeAnalysis.ruleset = CodeAnalysis.ruleset
		CodeAnalysis.Test.ruleset = CodeAnalysis.Test.ruleset
		Directory.Build.props = Directory.Build.props
		nuget.config = nuget.config
		Scar.sln.DotSettings = Scar.sln.DotSettings
		stylecop.json = stylecop.json
	EndProjectSection
EndProject
Project("{9A19103F-16F7-4668-BE54-9A1E7A4F7556}") = "Installer", "Installer\Installer.csproj", "{0F2C16A6-B8C2-4AC9-A54E-891BAD5722EE}"
EndProject
Project("{9A19103F-16F7-4668-BE54-9A1E7A4F7556}") = "WebApi", "WebApi\WebApi.csproj", "{C3F6F403-BD24-498C-8ECD-AB8AA869B919}"
EndProject
Project("{9A19103F-16F7-4668-BE54-9A1E7A4F7556}") = "Screen", "WPF\Various\Screen\Screen.csproj", "{C2A22121-B3C1-4E5D-86A3-CD81CF9B050E}"
EndProject
Project("{2150E333-8FDC-42A3-9474-1A3956D46DE8}") = "Controls", "Controls", "{91605252-A1A5-4792-A557-D517A81FD10E}"
	ProjectSection(SolutionItems) = preProject
		WPF\Controls\Directory.Build.props = WPF\Controls\Directory.Build.props
	EndProjectSection
EndProject
Project("{2150E333-8FDC-42A3-9474-1A3956D46DE8}") = "View", "View", "{14C96378-1FB2-46C2-81B0-5B14A8C1D3D7}"
	ProjectSection(SolutionItems) = preProject
		WPF\View\Directory.Build.props = WPF\View\Directory.Build.props
	EndProjectSection
EndProject
Project("{2150E333-8FDC-42A3-9474-1A3956D46DE8}") = "MVVM", "MVVM", "{B9260EA1-809C-4054-ABDD-C4B4C96086F3}"
	ProjectSection(SolutionItems) = preProject
		NetStandard\MVVM\Directory.Build.props = NetStandard\MVVM\Directory.Build.props
	EndProjectSection
EndProject
Project("{2150E333-8FDC-42A3-9474-1A3956D46DE8}") = "Sync", "Sync", "{53D1F5FB-9100-4840-AB52-0D3A65C87BBC}"
	ProjectSection(SolutionItems) = preProject
		NetStandard\Sync\Directory.Build.props = NetStandard\Sync\Directory.Build.props
	EndProjectSection
EndProject
Project("{2150E333-8FDC-42A3-9474-1A3956D46DE8}") = "View", "View", "{C4CA7CCA-550F-4BD6-9F4F-DAE744BC7EA7}"
	ProjectSection(SolutionItems) = preProject
		NetStandard\View\Directory.Build.props = NetStandard\View\Directory.Build.props
	EndProjectSection
EndProject
Project("{2150E333-8FDC-42A3-9474-1A3956D46DE8}") = "ImageProcessing", "ImageProcessing", "{042356A5-39A6-4AFE-84C5-D2436E59AE23}"
	ProjectSection(SolutionItems) = preProject
		NetStandard\ImageProcessing\Directory.Build.props = NetStandard\ImageProcessing\Directory.Build.props
	EndProjectSection
EndProject
Project("{2150E333-8FDC-42A3-9474-1A3956D46DE8}") = "DAL", "DAL", "{DFDE781D-0A25-493F-A083-483F421835D6}"
	ProjectSection(SolutionItems) = preProject
		NetStandard\DAL\Directory.Build.props = NetStandard\DAL\Directory.Build.props
	EndProjectSection
EndProject
Project("{2150E333-8FDC-42A3-9474-1A3956D46DE8}") = "ApplicationLifetime", "ApplicationLifetime", "{C52E7ACD-38B5-459B-9CB7-644002BA8C75}"
	ProjectSection(SolutionItems) = preProject
		NetStandard\ApplicationLifetime\Directory.Build.props = NetStandard\ApplicationLifetime\Directory.Build.props
	EndProjectSection
EndProject
Project("{2150E333-8FDC-42A3-9474-1A3956D46DE8}") = "Various", "Various", "{F752453B-42C6-426E-AF51-C871C261B07C}"
	ProjectSection(SolutionItems) = preProject
		NetStandard\Various\Directory.Build.props = NetStandard\Various\Directory.Build.props
	EndProjectSection
EndProject
Project("{2150E333-8FDC-42A3-9474-1A3956D46DE8}") = "Various", "Various", "{E2471E03-945B-41CE-9B3A-4F89E7FAF5D9}"
	ProjectSection(SolutionItems) = preProject
		WPF\Various\Directory.Build.props = WPF\Various\Directory.Build.props
	EndProjectSection
EndProject
Project("{9A19103F-16F7-4668-BE54-9A1E7A4F7556}") = "AutofacHttpClientProvision", "NetStandard\Various\AutofacHttpClientProvision\AutofacHttpClientProvision.csproj", "{1B1ECE53-843B-486C-B16A-480E5397A22E}"
EndProject
Project("{9A19103F-16F7-4668-BE54-9A1E7A4F7556}") = "Contracts", "NetStandard\Sync\Contracts\Contracts.csproj", "{6F3E0D37-31EF-4046-A048-0182FB091827}"
EndProject
Project("{9A19103F-16F7-4668-BE54-9A1E7A4F7556}") = "Contracts", "NetStandard\DAL\Contracts\Contracts.csproj", "{799EEDA1-39A6-45AE-9212-ABD8EB4481FA}"
EndProject
Project("{9A19103F-16F7-4668-BE54-9A1E7A4F7556}") = "Common", "NetStandard\Common\Common.csproj", "{C7DFB147-3639-4300-834E-8510EC1D6581}"
EndProject
Project("{9A19103F-16F7-4668-BE54-9A1E7A4F7556}") = "RateLimiting", "NetStandard\Various\RateLimiting\RateLimiting.csproj", "{313677CC-C791-42C9-80E1-3AC3CC8EB11D}"
EndProject
Project("{9A19103F-16F7-4668-BE54-9A1E7A4F7556}") = "AutofacInstantiation", "NetStandard\Various\AutofacInstantiation\AutofacInstantiation.csproj", "{5AD7A387-4EF4-422D-8045-2CAF9CE42C3E}"
EndProject
Project("{9A19103F-16F7-4668-BE54-9A1E7A4F7556}") = "WindowCreation", "NetStandard\View\WindowCreation\WindowCreation.csproj", "{F676C661-DC98-4BDE-82F3-BA595E9E924E}"
EndProject
Project("{9A19103F-16F7-4668-BE54-9A1E7A4F7556}") = "AutofacWindowProvision", "NetStandard\View\AutofacWindowProvision\AutofacWindowProvision.csproj", "{6E4C9002-464E-4B69-BB30-CBD56D6CC766}"
EndProject
Project("{9A19103F-16F7-4668-BE54-9A1E7A4F7556}") = "Core", "NetStandard\ApplicationLifetime\Core\Core.csproj", "{F342EB26-FD08-403E-985F-304E80ABF355}"
EndProject
Project("{9A19103F-16F7-4668-BE54-9A1E7A4F7556}") = "ImageRetrieval", "WPF\Various\ImageRetrieval\ImageRetrieval.csproj", "{BE39BF61-171C-47E9-ABAE-A1684BB97D3C}"
EndProject
Project("{9A19103F-16F7-4668-BE54-9A1E7A4F7556}") = "Core", "WPF\View\Core\Core.csproj", "{6F778A8F-693C-46F3-A408-A716A0D24D61}"
EndProject
Project("{9A19103F-16F7-4668-BE54-9A1E7A4F7556}") = "Behaviors", "WPF\Various\Behaviors\Behaviors.csproj", "{13BA9546-32DB-4423-86D0-FDC8AC353815}"
EndProject
Project("{9A19103F-16F7-4668-BE54-9A1E7A4F7556}") = "MetadataExtraction", "NetStandard\ImageProcessing\MetadataExtraction\MetadataExtraction.csproj", "{5953C880-E0CF-4F22-AD49-CD83EEF00EFC}"
EndProject
Project("{9A19103F-16F7-4668-BE54-9A1E7A4F7556}") = "CollectionView", "WPF\Various\CollectionView\CollectionView.csproj", "{60752259-FF52-424A-8925-26A4A9E4115A}"
EndProject
Project("{9A19103F-16F7-4668-BE54-9A1E7A4F7556}") = "WindowCreation", "WPF\View\WindowCreation\WindowCreation.csproj", "{D1378417-BBBE-41A0-83E2-C06D1DB66EC5}"
EndProject
Project("{9A19103F-16F7-4668-BE54-9A1E7A4F7556}") = "Caching", "NetStandard\Various\Caching\Caching.csproj", "{0DC0D4B8-49AD-4B8B-9114-248A1CFBE6AF}"
EndProject
Project("{9A19103F-16F7-4668-BE54-9A1E7A4F7556}") = "Tests", "Tests\Tests.csproj", "{826C169C-A54E-4E59-88DA-05119B93DA43}"
EndProject
Project("{9A19103F-16F7-4668-BE54-9A1E7A4F7556}") = "WebApi.Startup", "WebApi.Startup\WebApi.Startup.csproj", "{880C5E04-AD75-4240-8FA0-C2391FE25F4E}"
EndProject
Project("{9A19103F-16F7-4668-BE54-9A1E7A4F7556}") = "WebApi.Startup.Launcher", "WebApi.Startup.Launcher\WebApi.Startup.Launcher.csproj", "{E8336420-338B-4BAA-B8AF-EE619037C56E}"
EndProject
Global
	GlobalSection(SolutionConfigurationPlatforms) = preSolution
		Debug|Any CPU = Debug|Any CPU
		Release|Any CPU = Release|Any CPU
	EndGlobalSection
	GlobalSection(ProjectConfigurationPlatforms) = postSolution
		{AB0BD04C-9A70-4913-899C-E8C07792F76A}.Debug|Any CPU.ActiveCfg = Debug|Any CPU
		{AB0BD04C-9A70-4913-899C-E8C07792F76A}.Debug|Any CPU.Build.0 = Debug|Any CPU
		{AB0BD04C-9A70-4913-899C-E8C07792F76A}.Release|Any CPU.ActiveCfg = Release|Any CPU
		{AB0BD04C-9A70-4913-899C-E8C07792F76A}.Release|Any CPU.Build.0 = Release|Any CPU
		{071635A7-4DC0-438D-A7CE-54493E137122}.Debug|Any CPU.ActiveCfg = Debug|Any CPU
		{071635A7-4DC0-438D-A7CE-54493E137122}.Debug|Any CPU.Build.0 = Debug|Any CPU
		{071635A7-4DC0-438D-A7CE-54493E137122}.Release|Any CPU.ActiveCfg = Release|Any CPU
		{071635A7-4DC0-438D-A7CE-54493E137122}.Release|Any CPU.Build.0 = Release|Any CPU
		{76DAD7BD-942F-4614-8A23-15D0F0FBC737}.Debug|Any CPU.ActiveCfg = Debug|Any CPU
		{76DAD7BD-942F-4614-8A23-15D0F0FBC737}.Debug|Any CPU.Build.0 = Debug|Any CPU
		{76DAD7BD-942F-4614-8A23-15D0F0FBC737}.Release|Any CPU.ActiveCfg = Release|Any CPU
		{76DAD7BD-942F-4614-8A23-15D0F0FBC737}.Release|Any CPU.Build.0 = Release|Any CPU
		{CE3F7FAD-0531-48C3-84FF-F1E02FF93B9A}.Debug|Any CPU.ActiveCfg = Debug|Any CPU
		{CE3F7FAD-0531-48C3-84FF-F1E02FF93B9A}.Debug|Any CPU.Build.0 = Debug|Any CPU
		{CE3F7FAD-0531-48C3-84FF-F1E02FF93B9A}.Release|Any CPU.ActiveCfg = Release|Any CPU
		{CE3F7FAD-0531-48C3-84FF-F1E02FF93B9A}.Release|Any CPU.Build.0 = Release|Any CPU
		{B6CAD499-6245-41C9-879A-1F7391038FE8}.Debug|Any CPU.ActiveCfg = Debug|Any CPU
		{B6CAD499-6245-41C9-879A-1F7391038FE8}.Debug|Any CPU.Build.0 = Debug|Any CPU
		{B6CAD499-6245-41C9-879A-1F7391038FE8}.Release|Any CPU.ActiveCfg = Release|Any CPU
		{B6CAD499-6245-41C9-879A-1F7391038FE8}.Release|Any CPU.Build.0 = Release|Any CPU
		{A1CBB589-FECD-47C2-A9A8-084B3FF943DA}.Debug|Any CPU.ActiveCfg = Debug|Any CPU
		{A1CBB589-FECD-47C2-A9A8-084B3FF943DA}.Debug|Any CPU.Build.0 = Debug|Any CPU
		{A1CBB589-FECD-47C2-A9A8-084B3FF943DA}.Release|Any CPU.ActiveCfg = Release|Any CPU
		{A1CBB589-FECD-47C2-A9A8-084B3FF943DA}.Release|Any CPU.Build.0 = Release|Any CPU
		{B60A0DD3-D82E-4005-B04F-E0361D075260}.Debug|Any CPU.ActiveCfg = Debug|Any CPU
		{B60A0DD3-D82E-4005-B04F-E0361D075260}.Debug|Any CPU.Build.0 = Debug|Any CPU
		{B60A0DD3-D82E-4005-B04F-E0361D075260}.Release|Any CPU.ActiveCfg = Release|Any CPU
		{B60A0DD3-D82E-4005-B04F-E0361D075260}.Release|Any CPU.Build.0 = Release|Any CPU
		{E3771109-8E1E-4305-A788-2647AA291AAF}.Debug|Any CPU.ActiveCfg = Debug|Any CPU
		{E3771109-8E1E-4305-A788-2647AA291AAF}.Debug|Any CPU.Build.0 = Debug|Any CPU
		{E3771109-8E1E-4305-A788-2647AA291AAF}.Release|Any CPU.ActiveCfg = Release|Any CPU
		{E3771109-8E1E-4305-A788-2647AA291AAF}.Release|Any CPU.Build.0 = Release|Any CPU
		{19FC56EC-9859-4473-9941-E04FC5CC1B56}.Debug|Any CPU.ActiveCfg = Debug|Any CPU
		{19FC56EC-9859-4473-9941-E04FC5CC1B56}.Debug|Any CPU.Build.0 = Debug|Any CPU
		{19FC56EC-9859-4473-9941-E04FC5CC1B56}.Release|Any CPU.ActiveCfg = Release|Any CPU
		{19FC56EC-9859-4473-9941-E04FC5CC1B56}.Release|Any CPU.Build.0 = Release|Any CPU
		{4CA4CA61-E295-497F-B2FC-A7CB79FCB34E}.Debug|Any CPU.ActiveCfg = Debug|Any CPU
		{4CA4CA61-E295-497F-B2FC-A7CB79FCB34E}.Debug|Any CPU.Build.0 = Debug|Any CPU
		{4CA4CA61-E295-497F-B2FC-A7CB79FCB34E}.Release|Any CPU.ActiveCfg = Release|Any CPU
		{4CA4CA61-E295-497F-B2FC-A7CB79FCB34E}.Release|Any CPU.Build.0 = Release|Any CPU
		{580A7870-5E19-4066-8E5E-136D93D2A5A0}.Debug|Any CPU.ActiveCfg = Debug|Any CPU
		{580A7870-5E19-4066-8E5E-136D93D2A5A0}.Debug|Any CPU.Build.0 = Debug|Any CPU
		{580A7870-5E19-4066-8E5E-136D93D2A5A0}.Release|Any CPU.ActiveCfg = Release|Any CPU
		{580A7870-5E19-4066-8E5E-136D93D2A5A0}.Release|Any CPU.Build.0 = Release|Any CPU
		{8AC9B34E-F4CB-402F-9B89-C81EA6CAE752}.Debug|Any CPU.ActiveCfg = Debug|Any CPU
		{8AC9B34E-F4CB-402F-9B89-C81EA6CAE752}.Debug|Any CPU.Build.0 = Debug|Any CPU
		{8AC9B34E-F4CB-402F-9B89-C81EA6CAE752}.Release|Any CPU.ActiveCfg = Release|Any CPU
		{8AC9B34E-F4CB-402F-9B89-C81EA6CAE752}.Release|Any CPU.Build.0 = Release|Any CPU
		{25597554-6A18-4531-BB9D-2ECF25D607EE}.Debug|Any CPU.ActiveCfg = Debug|Any CPU
		{25597554-6A18-4531-BB9D-2ECF25D607EE}.Debug|Any CPU.Build.0 = Debug|Any CPU
		{25597554-6A18-4531-BB9D-2ECF25D607EE}.Release|Any CPU.ActiveCfg = Release|Any CPU
		{25597554-6A18-4531-BB9D-2ECF25D607EE}.Release|Any CPU.Build.0 = Release|Any CPU
		{523E90EC-65BB-4EAB-A680-2834C42B840C}.Debug|Any CPU.ActiveCfg = Debug|Any CPU
		{523E90EC-65BB-4EAB-A680-2834C42B840C}.Debug|Any CPU.Build.0 = Debug|Any CPU
		{523E90EC-65BB-4EAB-A680-2834C42B840C}.Release|Any CPU.ActiveCfg = Release|Any CPU
		{523E90EC-65BB-4EAB-A680-2834C42B840C}.Release|Any CPU.Build.0 = Release|Any CPU
		{53D1FE04-05CA-4AC2-A1B5-1B2F8A72B3DB}.Debug|Any CPU.ActiveCfg = Debug|Any CPU
		{53D1FE04-05CA-4AC2-A1B5-1B2F8A72B3DB}.Debug|Any CPU.Build.0 = Debug|Any CPU
		{53D1FE04-05CA-4AC2-A1B5-1B2F8A72B3DB}.Release|Any CPU.ActiveCfg = Release|Any CPU
		{53D1FE04-05CA-4AC2-A1B5-1B2F8A72B3DB}.Release|Any CPU.Build.0 = Release|Any CPU
		{8082A9E1-E32D-4650-A551-B43E7D1B2C1D}.Debug|Any CPU.ActiveCfg = Debug|Any CPU
		{8082A9E1-E32D-4650-A551-B43E7D1B2C1D}.Debug|Any CPU.Build.0 = Debug|Any CPU
		{8082A9E1-E32D-4650-A551-B43E7D1B2C1D}.Release|Any CPU.ActiveCfg = Release|Any CPU
		{8082A9E1-E32D-4650-A551-B43E7D1B2C1D}.Release|Any CPU.Build.0 = Release|Any CPU
		{14EF8DE5-E348-4CA2-904B-504D2527F64D}.Debug|Any CPU.ActiveCfg = Debug|Any CPU
		{14EF8DE5-E348-4CA2-904B-504D2527F64D}.Debug|Any CPU.Build.0 = Debug|Any CPU
		{14EF8DE5-E348-4CA2-904B-504D2527F64D}.Release|Any CPU.ActiveCfg = Release|Any CPU
		{14EF8DE5-E348-4CA2-904B-504D2527F64D}.Release|Any CPU.Build.0 = Release|Any CPU
		{580A7870-5E19-4066-8E5E-136D93D2A5A3}.Debug|Any CPU.ActiveCfg = Debug|Any CPU
		{580A7870-5E19-4066-8E5E-136D93D2A5A3}.Debug|Any CPU.Build.0 = Debug|Any CPU
		{580A7870-5E19-4066-8E5E-136D93D2A5A3}.Release|Any CPU.ActiveCfg = Release|Any CPU
		{580A7870-5E19-4066-8E5E-136D93D2A5A3}.Release|Any CPU.Build.0 = Release|Any CPU
		{E446730E-5EE0-4701-9A5B-A5CF81CC354C}.Debug|Any CPU.ActiveCfg = Debug|Any CPU
		{E446730E-5EE0-4701-9A5B-A5CF81CC354C}.Debug|Any CPU.Build.0 = Debug|Any CPU
		{E446730E-5EE0-4701-9A5B-A5CF81CC354C}.Release|Any CPU.ActiveCfg = Release|Any CPU
		{E446730E-5EE0-4701-9A5B-A5CF81CC354C}.Release|Any CPU.Build.0 = Release|Any CPU
		{B27DDDBC-0D06-471B-9C8A-75AA3290497B}.Debug|Any CPU.ActiveCfg = Debug|Any CPU
		{B27DDDBC-0D06-471B-9C8A-75AA3290497B}.Debug|Any CPU.Build.0 = Debug|Any CPU
		{B27DDDBC-0D06-471B-9C8A-75AA3290497B}.Release|Any CPU.ActiveCfg = Release|Any CPU
		{B27DDDBC-0D06-471B-9C8A-75AA3290497B}.Release|Any CPU.Build.0 = Release|Any CPU
		{4BD0EA64-6304-4468-BAFA-58C48898BB1B}.Debug|Any CPU.ActiveCfg = Debug|Any CPU
		{4BD0EA64-6304-4468-BAFA-58C48898BB1B}.Debug|Any CPU.Build.0 = Debug|Any CPU
		{4BD0EA64-6304-4468-BAFA-58C48898BB1B}.Release|Any CPU.ActiveCfg = Release|Any CPU
		{4BD0EA64-6304-4468-BAFA-58C48898BB1B}.Release|Any CPU.Build.0 = Release|Any CPU
		{340DE1FD-54C0-49B8-8112-30FFB4019816}.Debug|Any CPU.ActiveCfg = Debug|Any CPU
		{340DE1FD-54C0-49B8-8112-30FFB4019816}.Debug|Any CPU.Build.0 = Debug|Any CPU
		{340DE1FD-54C0-49B8-8112-30FFB4019816}.Release|Any CPU.ActiveCfg = Release|Any CPU
		{340DE1FD-54C0-49B8-8112-30FFB4019816}.Release|Any CPU.Build.0 = Release|Any CPU
		{6AA269F5-3067-4B3B-BA72-1A98C0025E4B}.Debug|Any CPU.ActiveCfg = Debug|Any CPU
		{6AA269F5-3067-4B3B-BA72-1A98C0025E4B}.Debug|Any CPU.Build.0 = Debug|Any CPU
		{6AA269F5-3067-4B3B-BA72-1A98C0025E4B}.Release|Any CPU.ActiveCfg = Release|Any CPU
		{6AA269F5-3067-4B3B-BA72-1A98C0025E4B}.Release|Any CPU.Build.0 = Release|Any CPU
		{AAEAE64E-7DEB-4850-BA41-68610E09E453}.Debug|Any CPU.ActiveCfg = Debug|Any CPU
		{AAEAE64E-7DEB-4850-BA41-68610E09E453}.Debug|Any CPU.Build.0 = Debug|Any CPU
		{AAEAE64E-7DEB-4850-BA41-68610E09E453}.Release|Any CPU.ActiveCfg = Release|Any CPU
		{AAEAE64E-7DEB-4850-BA41-68610E09E453}.Release|Any CPU.Build.0 = Release|Any CPU
		{A2AE8E90-E68F-4916-9960-BCBA0EEDA221}.Debug|Any CPU.ActiveCfg = Debug|Any CPU
		{A2AE8E90-E68F-4916-9960-BCBA0EEDA221}.Debug|Any CPU.Build.0 = Debug|Any CPU
		{A2AE8E90-E68F-4916-9960-BCBA0EEDA221}.Release|Any CPU.ActiveCfg = Release|Any CPU
		{A2AE8E90-E68F-4916-9960-BCBA0EEDA221}.Release|Any CPU.Build.0 = Release|Any CPU
		{35B636C1-D376-4A9F-9CCA-FB73A2220E83}.Debug|Any CPU.ActiveCfg = Debug|Any CPU
		{35B636C1-D376-4A9F-9CCA-FB73A2220E83}.Debug|Any CPU.Build.0 = Debug|Any CPU
		{35B636C1-D376-4A9F-9CCA-FB73A2220E83}.Release|Any CPU.ActiveCfg = Release|Any CPU
		{35B636C1-D376-4A9F-9CCA-FB73A2220E83}.Release|Any CPU.Build.0 = Release|Any CPU
		{0F2C16A6-B8C2-4AC9-A54E-891BAD5722EE}.Debug|Any CPU.ActiveCfg = Debug|Any CPU
		{0F2C16A6-B8C2-4AC9-A54E-891BAD5722EE}.Debug|Any CPU.Build.0 = Debug|Any CPU
		{0F2C16A6-B8C2-4AC9-A54E-891BAD5722EE}.Release|Any CPU.ActiveCfg = Release|Any CPU
		{0F2C16A6-B8C2-4AC9-A54E-891BAD5722EE}.Release|Any CPU.Build.0 = Release|Any CPU
		{C3F6F403-BD24-498C-8ECD-AB8AA869B919}.Debug|Any CPU.ActiveCfg = Debug|Any CPU
		{C3F6F403-BD24-498C-8ECD-AB8AA869B919}.Debug|Any CPU.Build.0 = Debug|Any CPU
		{C3F6F403-BD24-498C-8ECD-AB8AA869B919}.Release|Any CPU.ActiveCfg = Release|Any CPU
		{C3F6F403-BD24-498C-8ECD-AB8AA869B919}.Release|Any CPU.Build.0 = Release|Any CPU
		{C2A22121-B3C1-4E5D-86A3-CD81CF9B050E}.Debug|Any CPU.ActiveCfg = Debug|Any CPU
		{C2A22121-B3C1-4E5D-86A3-CD81CF9B050E}.Debug|Any CPU.Build.0 = Debug|Any CPU
		{C2A22121-B3C1-4E5D-86A3-CD81CF9B050E}.Release|Any CPU.ActiveCfg = Release|Any CPU
		{C2A22121-B3C1-4E5D-86A3-CD81CF9B050E}.Release|Any CPU.Build.0 = Release|Any CPU
		{1B1ECE53-843B-486C-B16A-480E5397A22E}.Debug|Any CPU.ActiveCfg = Debug|Any CPU
		{1B1ECE53-843B-486C-B16A-480E5397A22E}.Debug|Any CPU.Build.0 = Debug|Any CPU
		{1B1ECE53-843B-486C-B16A-480E5397A22E}.Release|Any CPU.ActiveCfg = Release|Any CPU
		{1B1ECE53-843B-486C-B16A-480E5397A22E}.Release|Any CPU.Build.0 = Release|Any CPU
		{6F3E0D37-31EF-4046-A048-0182FB091827}.Debug|Any CPU.ActiveCfg = Debug|Any CPU
		{6F3E0D37-31EF-4046-A048-0182FB091827}.Debug|Any CPU.Build.0 = Debug|Any CPU
		{6F3E0D37-31EF-4046-A048-0182FB091827}.Release|Any CPU.ActiveCfg = Release|Any CPU
		{6F3E0D37-31EF-4046-A048-0182FB091827}.Release|Any CPU.Build.0 = Release|Any CPU
		{799EEDA1-39A6-45AE-9212-ABD8EB4481FA}.Debug|Any CPU.ActiveCfg = Debug|Any CPU
		{799EEDA1-39A6-45AE-9212-ABD8EB4481FA}.Debug|Any CPU.Build.0 = Debug|Any CPU
		{799EEDA1-39A6-45AE-9212-ABD8EB4481FA}.Release|Any CPU.ActiveCfg = Release|Any CPU
		{799EEDA1-39A6-45AE-9212-ABD8EB4481FA}.Release|Any CPU.Build.0 = Release|Any CPU
		{C7DFB147-3639-4300-834E-8510EC1D6581}.Debug|Any CPU.ActiveCfg = Debug|Any CPU
		{C7DFB147-3639-4300-834E-8510EC1D6581}.Debug|Any CPU.Build.0 = Debug|Any CPU
		{C7DFB147-3639-4300-834E-8510EC1D6581}.Release|Any CPU.ActiveCfg = Release|Any CPU
		{C7DFB147-3639-4300-834E-8510EC1D6581}.Release|Any CPU.Build.0 = Release|Any CPU
		{313677CC-C791-42C9-80E1-3AC3CC8EB11D}.Debug|Any CPU.ActiveCfg = Debug|Any CPU
		{313677CC-C791-42C9-80E1-3AC3CC8EB11D}.Debug|Any CPU.Build.0 = Debug|Any CPU
		{313677CC-C791-42C9-80E1-3AC3CC8EB11D}.Release|Any CPU.ActiveCfg = Release|Any CPU
		{313677CC-C791-42C9-80E1-3AC3CC8EB11D}.Release|Any CPU.Build.0 = Release|Any CPU
		{5AD7A387-4EF4-422D-8045-2CAF9CE42C3E}.Debug|Any CPU.ActiveCfg = Debug|Any CPU
		{5AD7A387-4EF4-422D-8045-2CAF9CE42C3E}.Debug|Any CPU.Build.0 = Debug|Any CPU
		{5AD7A387-4EF4-422D-8045-2CAF9CE42C3E}.Release|Any CPU.ActiveCfg = Release|Any CPU
		{5AD7A387-4EF4-422D-8045-2CAF9CE42C3E}.Release|Any CPU.Build.0 = Release|Any CPU
		{F676C661-DC98-4BDE-82F3-BA595E9E924E}.Debug|Any CPU.ActiveCfg = Debug|Any CPU
		{F676C661-DC98-4BDE-82F3-BA595E9E924E}.Debug|Any CPU.Build.0 = Debug|Any CPU
		{F676C661-DC98-4BDE-82F3-BA595E9E924E}.Release|Any CPU.ActiveCfg = Release|Any CPU
		{F676C661-DC98-4BDE-82F3-BA595E9E924E}.Release|Any CPU.Build.0 = Release|Any CPU
		{6E4C9002-464E-4B69-BB30-CBD56D6CC766}.Debug|Any CPU.ActiveCfg = Debug|Any CPU
		{6E4C9002-464E-4B69-BB30-CBD56D6CC766}.Debug|Any CPU.Build.0 = Debug|Any CPU
		{6E4C9002-464E-4B69-BB30-CBD56D6CC766}.Release|Any CPU.ActiveCfg = Release|Any CPU
		{6E4C9002-464E-4B69-BB30-CBD56D6CC766}.Release|Any CPU.Build.0 = Release|Any CPU
		{F342EB26-FD08-403E-985F-304E80ABF355}.Debug|Any CPU.ActiveCfg = Debug|Any CPU
		{F342EB26-FD08-403E-985F-304E80ABF355}.Debug|Any CPU.Build.0 = Debug|Any CPU
		{F342EB26-FD08-403E-985F-304E80ABF355}.Release|Any CPU.ActiveCfg = Release|Any CPU
		{F342EB26-FD08-403E-985F-304E80ABF355}.Release|Any CPU.Build.0 = Release|Any CPU
		{BE39BF61-171C-47E9-ABAE-A1684BB97D3C}.Debug|Any CPU.ActiveCfg = Debug|Any CPU
		{BE39BF61-171C-47E9-ABAE-A1684BB97D3C}.Debug|Any CPU.Build.0 = Debug|Any CPU
		{BE39BF61-171C-47E9-ABAE-A1684BB97D3C}.Release|Any CPU.ActiveCfg = Release|Any CPU
		{BE39BF61-171C-47E9-ABAE-A1684BB97D3C}.Release|Any CPU.Build.0 = Release|Any CPU
		{6F778A8F-693C-46F3-A408-A716A0D24D61}.Debug|Any CPU.ActiveCfg = Debug|Any CPU
		{6F778A8F-693C-46F3-A408-A716A0D24D61}.Debug|Any CPU.Build.0 = Debug|Any CPU
		{6F778A8F-693C-46F3-A408-A716A0D24D61}.Release|Any CPU.ActiveCfg = Release|Any CPU
		{6F778A8F-693C-46F3-A408-A716A0D24D61}.Release|Any CPU.Build.0 = Release|Any CPU
		{13BA9546-32DB-4423-86D0-FDC8AC353815}.Debug|Any CPU.ActiveCfg = Debug|Any CPU
		{13BA9546-32DB-4423-86D0-FDC8AC353815}.Debug|Any CPU.Build.0 = Debug|Any CPU
		{13BA9546-32DB-4423-86D0-FDC8AC353815}.Release|Any CPU.ActiveCfg = Release|Any CPU
		{13BA9546-32DB-4423-86D0-FDC8AC353815}.Release|Any CPU.Build.0 = Release|Any CPU
		{5953C880-E0CF-4F22-AD49-CD83EEF00EFC}.Debug|Any CPU.ActiveCfg = Debug|Any CPU
		{5953C880-E0CF-4F22-AD49-CD83EEF00EFC}.Debug|Any CPU.Build.0 = Debug|Any CPU
		{5953C880-E0CF-4F22-AD49-CD83EEF00EFC}.Release|Any CPU.ActiveCfg = Release|Any CPU
		{5953C880-E0CF-4F22-AD49-CD83EEF00EFC}.Release|Any CPU.Build.0 = Release|Any CPU
		{60752259-FF52-424A-8925-26A4A9E4115A}.Debug|Any CPU.ActiveCfg = Debug|Any CPU
		{60752259-FF52-424A-8925-26A4A9E4115A}.Debug|Any CPU.Build.0 = Debug|Any CPU
		{60752259-FF52-424A-8925-26A4A9E4115A}.Release|Any CPU.ActiveCfg = Release|Any CPU
		{60752259-FF52-424A-8925-26A4A9E4115A}.Release|Any CPU.Build.0 = Release|Any CPU
		{D1378417-BBBE-41A0-83E2-C06D1DB66EC5}.Debug|Any CPU.ActiveCfg = Debug|Any CPU
		{D1378417-BBBE-41A0-83E2-C06D1DB66EC5}.Debug|Any CPU.Build.0 = Debug|Any CPU
		{D1378417-BBBE-41A0-83E2-C06D1DB66EC5}.Release|Any CPU.ActiveCfg = Release|Any CPU
		{D1378417-BBBE-41A0-83E2-C06D1DB66EC5}.Release|Any CPU.Build.0 = Release|Any CPU
		{0DC0D4B8-49AD-4B8B-9114-248A1CFBE6AF}.Debug|Any CPU.ActiveCfg = Debug|Any CPU
		{0DC0D4B8-49AD-4B8B-9114-248A1CFBE6AF}.Debug|Any CPU.Build.0 = Debug|Any CPU
		{0DC0D4B8-49AD-4B8B-9114-248A1CFBE6AF}.Release|Any CPU.ActiveCfg = Release|Any CPU
		{0DC0D4B8-49AD-4B8B-9114-248A1CFBE6AF}.Release|Any CPU.Build.0 = Release|Any CPU
		{826C169C-A54E-4E59-88DA-05119B93DA43}.Debug|Any CPU.ActiveCfg = Debug|Any CPU
		{826C169C-A54E-4E59-88DA-05119B93DA43}.Debug|Any CPU.Build.0 = Debug|Any CPU
		{826C169C-A54E-4E59-88DA-05119B93DA43}.Release|Any CPU.ActiveCfg = Release|Any CPU
		{826C169C-A54E-4E59-88DA-05119B93DA43}.Release|Any CPU.Build.0 = Release|Any CPU
		{880C5E04-AD75-4240-8FA0-C2391FE25F4E}.Debug|Any CPU.ActiveCfg = Debug|Any CPU
		{880C5E04-AD75-4240-8FA0-C2391FE25F4E}.Debug|Any CPU.Build.0 = Debug|Any CPU
		{880C5E04-AD75-4240-8FA0-C2391FE25F4E}.Release|Any CPU.ActiveCfg = Release|Any CPU
		{880C5E04-AD75-4240-8FA0-C2391FE25F4E}.Release|Any CPU.Build.0 = Release|Any CPU
		{E8336420-338B-4BAA-B8AF-EE619037C56E}.Debug|Any CPU.ActiveCfg = Debug|Any CPU
		{E8336420-338B-4BAA-B8AF-EE619037C56E}.Debug|Any CPU.Build.0 = Debug|Any CPU
		{E8336420-338B-4BAA-B8AF-EE619037C56E}.Release|Any CPU.ActiveCfg = Release|Any CPU
		{E8336420-338B-4BAA-B8AF-EE619037C56E}.Release|Any CPU.Build.0 = Release|Any CPU
	EndGlobalSection
	GlobalSection(SolutionProperties) = preSolution
		HideSolutionNode = FALSE
	EndGlobalSection
	GlobalSection(NestedProjects) = preSolution
		{AB0BD04C-9A70-4913-899C-E8C07792F76A} = {F752453B-42C6-426E-AF51-C871C261B07C}
		{071635A7-4DC0-438D-A7CE-54493E137122} = {F752453B-42C6-426E-AF51-C871C261B07C}
		{76DAD7BD-942F-4614-8A23-15D0F0FBC737} = {DFDE781D-0A25-493F-A083-483F421835D6}
		{CE3F7FAD-0531-48C3-84FF-F1E02FF93B9A} = {042356A5-39A6-4AFE-84C5-D2436E59AE23}
		{B6CAD499-6245-41C9-879A-1F7391038FE8} = {042356A5-39A6-4AFE-84C5-D2436E59AE23}
		{A1CBB589-FECD-47C2-A9A8-084B3FF943DA} = {F752453B-42C6-426E-AF51-C871C261B07C}
		{B60A0DD3-D82E-4005-B04F-E0361D075260} = {F752453B-42C6-426E-AF51-C871C261B07C}
		{E3771109-8E1E-4305-A788-2647AA291AAF} = {F752453B-42C6-426E-AF51-C871C261B07C}
		{19FC56EC-9859-4473-9941-E04FC5CC1B56} = {91605252-A1A5-4792-A557-D517A81FD10E}
		{4CA4CA61-E295-497F-B2FC-A7CB79FCB34E} = {91605252-A1A5-4792-A557-D517A81FD10E}
		{580A7870-5E19-4066-8E5E-136D93D2A5A0} = {91605252-A1A5-4792-A557-D517A81FD10E}
		{8AC9B34E-F4CB-402F-9B89-C81EA6CAE752} = {91605252-A1A5-4792-A557-D517A81FD10E}
		{25597554-6A18-4531-BB9D-2ECF25D607EE} = {91605252-A1A5-4792-A557-D517A81FD10E}
		{523E90EC-65BB-4EAB-A680-2834C42B840C} = {91605252-A1A5-4792-A557-D517A81FD10E}
		{53D1FE04-05CA-4AC2-A1B5-1B2F8A72B3DB} = {E2471E03-945B-41CE-9B3A-4F89E7FAF5D9}
		{8082A9E1-E32D-4650-A551-B43E7D1B2C1D} = {E2471E03-945B-41CE-9B3A-4F89E7FAF5D9}
		{14EF8DE5-E348-4CA2-904B-504D2527F64D} = {E2471E03-945B-41CE-9B3A-4F89E7FAF5D9}
		{580A7870-5E19-4066-8E5E-136D93D2A5A3} = {91605252-A1A5-4792-A557-D517A81FD10E}
		{E446730E-5EE0-4701-9A5B-A5CF81CC354C} = {14C96378-1FB2-46C2-81B0-5B14A8C1D3D7}
		{B27DDDBC-0D06-471B-9C8A-75AA3290497B} = {C4CA7CCA-550F-4BD6-9F4F-DAE744BC7EA7}
		{4BD0EA64-6304-4468-BAFA-58C48898BB1B} = {53D1F5FB-9100-4840-AB52-0D3A65C87BBC}
		{340DE1FD-54C0-49B8-8112-30FFB4019816} = {B9260EA1-809C-4054-ABDD-C4B4C96086F3}
		{6AA269F5-3067-4B3B-BA72-1A98C0025E4B} = {B9260EA1-809C-4054-ABDD-C4B4C96086F3}
		{AAEAE64E-7DEB-4850-BA41-68610E09E453} = {B9260EA1-809C-4054-ABDD-C4B4C96086F3}
		{A2AE8E90-E68F-4916-9960-BCBA0EEDA221} = {F752453B-42C6-426E-AF51-C871C261B07C}
		{35B636C1-D376-4A9F-9CCA-FB73A2220E83} = {C52E7ACD-38B5-459B-9CB7-644002BA8C75}
		{C2A22121-B3C1-4E5D-86A3-CD81CF9B050E} = {E2471E03-945B-41CE-9B3A-4F89E7FAF5D9}
		{91605252-A1A5-4792-A557-D517A81FD10E} = {407943AC-A937-4E8F-BCD7-8DBBCBB54811}
		{14C96378-1FB2-46C2-81B0-5B14A8C1D3D7} = {407943AC-A937-4E8F-BCD7-8DBBCBB54811}
		{B9260EA1-809C-4054-ABDD-C4B4C96086F3} = {74558523-84FA-4567-9305-E0D55054950E}
		{53D1F5FB-9100-4840-AB52-0D3A65C87BBC} = {74558523-84FA-4567-9305-E0D55054950E}
		{C4CA7CCA-550F-4BD6-9F4F-DAE744BC7EA7} = {74558523-84FA-4567-9305-E0D55054950E}
		{042356A5-39A6-4AFE-84C5-D2436E59AE23} = {74558523-84FA-4567-9305-E0D55054950E}
		{DFDE781D-0A25-493F-A083-483F421835D6} = {74558523-84FA-4567-9305-E0D55054950E}
		{C52E7ACD-38B5-459B-9CB7-644002BA8C75} = {74558523-84FA-4567-9305-E0D55054950E}
		{F752453B-42C6-426E-AF51-C871C261B07C} = {74558523-84FA-4567-9305-E0D55054950E}
		{E2471E03-945B-41CE-9B3A-4F89E7FAF5D9} = {407943AC-A937-4E8F-BCD7-8DBBCBB54811}
		{1B1ECE53-843B-486C-B16A-480E5397A22E} = {F752453B-42C6-426E-AF51-C871C261B07C}
		{6F3E0D37-31EF-4046-A048-0182FB091827} = {53D1F5FB-9100-4840-AB52-0D3A65C87BBC}
		{799EEDA1-39A6-45AE-9212-ABD8EB4481FA} = {DFDE781D-0A25-493F-A083-483F421835D6}
		{C7DFB147-3639-4300-834E-8510EC1D6581} = {74558523-84FA-4567-9305-E0D55054950E}
		{313677CC-C791-42C9-80E1-3AC3CC8EB11D} = {F752453B-42C6-426E-AF51-C871C261B07C}
		{5AD7A387-4EF4-422D-8045-2CAF9CE42C3E} = {F752453B-42C6-426E-AF51-C871C261B07C}
		{F676C661-DC98-4BDE-82F3-BA595E9E924E} = {C4CA7CCA-550F-4BD6-9F4F-DAE744BC7EA7}
		{6E4C9002-464E-4B69-BB30-CBD56D6CC766} = {C4CA7CCA-550F-4BD6-9F4F-DAE744BC7EA7}
		{F342EB26-FD08-403E-985F-304E80ABF355} = {C52E7ACD-38B5-459B-9CB7-644002BA8C75}
		{BE39BF61-171C-47E9-ABAE-A1684BB97D3C} = {E2471E03-945B-41CE-9B3A-4F89E7FAF5D9}
		{6F778A8F-693C-46F3-A408-A716A0D24D61} = {14C96378-1FB2-46C2-81B0-5B14A8C1D3D7}
		{13BA9546-32DB-4423-86D0-FDC8AC353815} = {E2471E03-945B-41CE-9B3A-4F89E7FAF5D9}
		{5953C880-E0CF-4F22-AD49-CD83EEF00EFC} = {042356A5-39A6-4AFE-84C5-D2436E59AE23}
		{60752259-FF52-424A-8925-26A4A9E4115A} = {E2471E03-945B-41CE-9B3A-4F89E7FAF5D9}
		{D1378417-BBBE-41A0-83E2-C06D1DB66EC5} = {14C96378-1FB2-46C2-81B0-5B14A8C1D3D7}
		{0DC0D4B8-49AD-4B8B-9114-248A1CFBE6AF} = {F752453B-42C6-426E-AF51-C871C261B07C}
	EndGlobalSection
	GlobalSection(ExtensibilityGlobals) = postSolution
		SolutionGuid = {24C9D89F-376A-40CA-9846-76B97230738A}
	EndGlobalSection
EndGlobal
