
Microsoft Visual Studio Solution File, Format Version 12.00
# Visual Studio Version 16
VisualStudioVersion = 16.0.28711.60
MinimumVisualStudioVersion = 10.0.40219.1
Project("{9A19103F-16F7-4668-BE54-9A1E7A4F7556}") = "Common", "NetStandard\Common\Common.csproj", "{AA9399C6-AAC2-40D8-81C2-072BE82F4605}"
EndProject
Project("{9A19103F-16F7-4668-BE54-9A1E7A4F7556}") = "Common.Async", "NetStandard\Common.Async\Common.Async.csproj", "{AB0BD04C-9A70-4913-899C-E8C07792F76A}"
EndProject
Project("{9A19103F-16F7-4668-BE54-9A1E7A4F7556}") = "Common.Cryptography", "NetStandard\Common.Cryptography\Common.Cryptography.csproj", "{071635A7-4DC0-438D-A7CE-54493E137122}"
EndProject
Project("{9A19103F-16F7-4668-BE54-9A1E7A4F7556}") = "Common.DAL", "NetStandard\Common.DAL\Common.DAL.csproj", "{5226E66D-A51A-4DA9-AB95-93FF9416D8C3}"
EndProject
Project("{9A19103F-16F7-4668-BE54-9A1E7A4F7556}") = "Common.DAL.LiteDB", "NetStandard\Common.DAL.LiteDB\Common.DAL.LiteDB.csproj", "{76DAD7BD-942F-4614-8A23-15D0F0FBC737}"
EndProject
Project("{9A19103F-16F7-4668-BE54-9A1E7A4F7556}") = "Common.Drawing.ExifTool", "NetStandard\Common.Drawing.ExifTool\Common.Drawing.ExifTool.csproj", "{CE3F7FAD-0531-48C3-84FF-F1E02FF93B9A}"
EndProject
Project("{9A19103F-16F7-4668-BE54-9A1E7A4F7556}") = "Common.Drawing.ImageRetriever", "Common.Drawing.ImageRetriever\Common.Drawing.ImageRetriever.csproj", "{9FDEC5F5-4996-45BD-9EFC-CAE6AAD74FB5}"
EndProject
Project("{9A19103F-16F7-4668-BE54-9A1E7A4F7556}") = "Common.Drawing.Metadata", "NetStandard\Common.Drawing.Metadata\Common.Drawing.Metadata.csproj", "{B6CAD499-6245-41C9-879A-1F7391038FE8}"
EndProject
Project("{9A19103F-16F7-4668-BE54-9A1E7A4F7556}") = "Common.Drawing.MetadataExtractor", "NetStandard\Common.Drawing.MetadataExtractor\Common.Drawing.MetadataExtractor.csproj", "{494A0A26-8FD6-4816-8479-21AC0AA61D8F}"
EndProject
Project("{9A19103F-16F7-4668-BE54-9A1E7A4F7556}") = "Common.Installer", "Common.Installer\Common.Installer.csproj", "{2B8B9221-628C-4A32-AB3B-61A1B59DCF85}"
EndProject
Project("{9A19103F-16F7-4668-BE54-9A1E7A4F7556}") = "Common.Installer.UI", "Common.Installer.UI\Common.Installer.UI.csproj", "{7752B8F1-8020-4E20-B5E7-EEED28209047}"
EndProject
Project("{9A19103F-16F7-4668-BE54-9A1E7A4F7556}") = "Common.IO", "NetStandard\Common.IO\Common.IO.csproj", "{A1CBB589-FECD-47C2-A9A8-084B3FF943DA}"
EndProject
Project("{9A19103F-16F7-4668-BE54-9A1E7A4F7556}") = "Common.NamedPipes", "NetStandard\Common.NamedPipes\Common.NamedPipes.csproj", "{3BD0EA64-6304-4468-BAFA-58C48898BB1B}"
EndProject
Project("{9A19103F-16F7-4668-BE54-9A1E7A4F7556}") = "Common.Networking", "NetStandard\Common.Networking\Common.Networking.csproj", "{B60A0DD3-D82E-4005-B04F-E0361D075260}"
EndProject
Project("{9A19103F-16F7-4668-BE54-9A1E7A4F7556}") = "Common.Processes", "NetStandard\Common.Processes\Common.Processes.csproj", "{E3771109-8E1E-4305-A788-2647AA291AAF}"
EndProject
Project("{9A19103F-16F7-4668-BE54-9A1E7A4F7556}") = "Common.WebApi", "Common.WebApi\Common.WebApi.csproj", "{3D99C2EB-3B31-4696-917F-0BB8B36710D7}"
EndProject
Project("{9A19103F-16F7-4668-BE54-9A1E7A4F7556}") = "Common.WPF.Controls.AutoCompleteTextBox", "WPF\Common.WPF.Controls.AutoCompleteTextBox\Common.WPF.Controls.AutoCompleteTextBox.csproj", "{19FC56EC-9859-4473-9941-E04FC5CC1B56}"
EndProject
Project("{9A19103F-16F7-4668-BE54-9A1E7A4F7556}") = "Common.WPF.Controls.Behaviors", "WPF\Common.WPF.Controls.Behaviors\Common.WPF.Controls.Behaviors.csproj", "{6B559844-0663-4A59-86EE-E7F5F05CB32D}"
EndProject
Project("{9A19103F-16F7-4668-BE54-9A1E7A4F7556}") = "Common.WPF.Controls.NumericUpDown", "WPF\Common.WPF.Controls.NumericUpDown\Common.WPF.Controls.NumericUpDown.csproj", "{4CA4CA61-E295-497F-B2FC-A7CB79FCB34E}"
EndProject
Project("{9A19103F-16F7-4668-BE54-9A1E7A4F7556}") = "Common.WPF.Controls.SelectableTextBlock", "WPF\Common.WPF.Controls.SelectableTextBlock\Common.WPF.Controls.SelectableTextBlock.csproj", "{580A7870-5E19-4066-8E5E-136D93D2A5A0}"
EndProject
Project("{9A19103F-16F7-4668-BE54-9A1E7A4F7556}") = "Common.WPF.Controls.Styles", "WPF\Common.WPF.Controls.Styles\Common.WPF.Controls.Styles.csproj", "{8AC9B34E-F4CB-402F-9B89-C81EA6CAE752}"
EndProject
Project("{9A19103F-16F7-4668-BE54-9A1E7A4F7556}") = "Common.WPF.Controls.TimePicker", "WPF\Common.WPF.Controls.TimePicker\Common.WPF.Controls.TimePicker.csproj", "{25597554-6A18-4531-BB9D-2ECF25D607EE}"
EndProject
Project("{9A19103F-16F7-4668-BE54-9A1E7A4F7556}") = "Common.WPF.Controls.XceedAutoFitColumnGrid", "WPF\Common.WPF.Controls.XceedAutoFitColumnGrid\Common.WPF.Controls.XceedAutoFitColumnGrid.csproj", "{CDB110BA-CE3B-49A7-9A22-705A75DB11D6}"
EndProject
Project("{9A19103F-16F7-4668-BE54-9A1E7A4F7556}") = "Common.WPF.Controls.ZoomBorder", "WPF\Common.WPF.Controls.ZoomBorder\Common.WPF.Controls.ZoomBorder.csproj", "{523E90EC-65BB-4EAB-A680-2834C42B840C}"
EndProject
Project("{9A19103F-16F7-4668-BE54-9A1E7A4F7556}") = "Common.WPF.Converters", "WPF\Common.WPF.Converters\Common.WPF.Converters.csproj", "{53D1FE04-05CA-4AC2-A1B5-1B2F8A72B3DB}"
EndProject
Project("{9A19103F-16F7-4668-BE54-9A1E7A4F7556}") = "Common.WPF.Localization", "WPF\Common.WPF.Localization\Common.WPF.Localization.csproj", "{8082A9E1-E32D-4650-A551-B43E7D1B2C1D}"
EndProject
Project("{9A19103F-16F7-4668-BE54-9A1E7A4F7556}") = "Common.WPF.Startup", "WPF\Common.WPF.Startup\Common.WPF.Startup.csproj", "{14EF8DE5-E348-4CA2-904B-504D2527F64D}"
EndProject
Project("{9A19103F-16F7-4668-BE54-9A1E7A4F7556}") = "Common.WPF.View", "WPF\Common.WPF.View\Common.WPF.View.csproj", "{E9203A4E-6D2B-4833-9F75-939C99399C58}"
EndProject
Project("{9A19103F-16F7-4668-BE54-9A1E7A4F7556}") = "Common.WPF.View.AnimatedWindow", "WPF\Common.WPF.View.AnimatedWindow\Common.WPF.View.AnimatedWindow.csproj", "{242AA980-FBBB-4F9D-AF68-7CCC5923A53D}"
EndProject
Project("{9A19103F-16F7-4668-BE54-9A1E7A4F7556}") = "Common.WPF.View.BaseWindow", "WPF\Common.WPF.View.BaseWindow\Common.WPF.View.BaseWindow.csproj", "{42FD17DA-0625-42A6-B613-9921FD1A104D}"
EndProject
Project("{9A19103F-16F7-4668-BE54-9A1E7A4F7556}") = "Common.WPF.Controls.ExternalBrowserHyperlink", "WPF\Common.WPF.Controls.ExternalBrowserHyperlink\Common.WPF.Controls.ExternalBrowserHyperlink.csproj", "{580A7870-5E19-4066-8E5E-136D93D2A5A3}"
EndProject
Project("{9A19103F-16F7-4668-BE54-9A1E7A4F7556}") = "Common.Logging.Autofac", "NetStandard\Common.Logging.Autofac\Common.Logging.Autofac.csproj", "{A3E70541-8917-4076-A59A-54343AB4B08E}"
EndProject
Project("{9A19103F-16F7-4668-BE54-9A1E7A4F7556}") = "Common.WPF.View.Contracts", "WPF\Common.WPF.View.Contracts\Common.WPF.View.Contracts.csproj", "{E446730E-5EE0-4701-9A5B-A5CF81CC354C}"
EndProject
Project("{9A19103F-16F7-4668-BE54-9A1E7A4F7556}") = "Common.View.Contracts", "NetStandard\Common.View.Contracts\Common.View.Contracts.csproj", "{B27DDDBC-0D06-471B-9C8A-75AA3290497B}"
EndProject
Project("{9A19103F-16F7-4668-BE54-9A1E7A4F7556}") = "Common.View.WindowFactory", "NetStandard\Common.View.WindowFactory\Common.View.WindowFactory.csproj", "{77FD16F2-2CBC-437D-BC6F-409804230CC2}"
EndProject
Project("{9A19103F-16F7-4668-BE54-9A1E7A4F7556}") = "Common.View.AutofacScopedWindowProvider", "NetStandard\Common.View.AutofacScopedWindowProvider\Common.View.AutofacScopedWindowProvider.csproj", "{9CEFE5F5-A973-479B-AC31-B21F3810246A}"
EndProject
Project("{9A19103F-16F7-4668-BE54-9A1E7A4F7556}") = "Common.RateLimiter", "NetStandard\Common.RateLimiter\Common.RateLimiter.csproj", "{47790A60-2007-4A59-909F-24128740CD46}"
EndProject
Project("{2150E333-8FDC-42A3-9474-1A3956D46DE8}") = ".NetStandard", ".NetStandard", "{74558523-84FA-4567-9305-E0D55054950E}"
	ProjectSection(SolutionItems) = preProject
		NetStandard\Directory.Build.props = NetStandard\Directory.Build.props
	EndProjectSection
EndProject
Project("{9A19103F-16F7-4668-BE54-9A1E7A4F7556}") = "Common.AutofacNamedInstancesFactory", "NetStandard\Common.AutofacNamedInstancesFactory\Common.AutofacNamedInstancesFactory.csproj", "{824905B6-25A4-4F4D-8E6D-3498174F03E3}"
EndProject
Project("{9A19103F-16F7-4668-BE54-9A1E7A4F7556}") = "Common.Sync", "NetStandard\Common.Sync\Common.Sync.csproj", "{D7A4E15F-C320-4DCE-A2F8-FB4B3154E6A9}"
EndProject
Project("{9A19103F-16F7-4668-BE54-9A1E7A4F7556}") = "Common.Sync.Windows", "Common.Sync.Windows\Common.Sync.Windows.csproj", "{4BD0EA64-6304-4468-BAFA-58C48898BB1B}"
EndProject
Project("{9A19103F-16F7-4668-BE54-9A1E7A4F7556}") = "Common.MVVM.Commands", "NetStandard\Common.MVVM.Commands\Common.MVVM.Commands.csproj", "{340DE1FD-54C0-49B8-8112-30FFB4019816}"
EndProject
Project("{9A19103F-16F7-4668-BE54-9A1E7A4F7556}") = "Common.MVVM.ViewModel", "NetStandard\Common.MVVM.ViewModel\Common.MVVM.ViewModel.csproj", "{6AA269F5-3067-4B3B-BA72-1A98C0025E4B}"
EndProject
Project("{9A19103F-16F7-4668-BE54-9A1E7A4F7556}") = "Common.MVVM.CollectionView", "NetStandard\Common.MVVM.CollectionView\Common.MVVM.CollectionView.csproj", "{AAEAE64E-7DEB-4850-BA41-68610E09E453}"
EndProject
Project("{9A19103F-16F7-4668-BE54-9A1E7A4F7556}") = "Common.Localization", "NetStandard\Common.Localization\Common.Localization.csproj", "{A2AE8E90-E68F-4916-9960-BCBA0EEDA221}"
EndProject
Project("{9A19103F-16F7-4668-BE54-9A1E7A4F7556}") = "Common.ApplicationLifetime", "NetStandard\Common.ApplicationLifetime\Common.ApplicationLifetime.csproj", "{007435DC-B358-4B68-B7FA-B9AA86CDFDC8}"
EndProject
Project("{9A19103F-16F7-4668-BE54-9A1E7A4F7556}") = "Common.ApplicationLifetime.Contracts", "NetStandard\Common.ApplicationLifetime.Contracts\Common.ApplicationLifetime.Contracts.csproj", "{35B636C1-D376-4A9F-9CCA-FB73A2220E83}"
EndProject
Project("{2150E333-8FDC-42A3-9474-1A3956D46DE8}") = "Xamarin", "Xamarin", "{4434ED6C-2998-4D1F-B9B4-4D90045E4C50}"
EndProject
Project("{9A19103F-16F7-4668-BE54-9A1E7A4F7556}") = "Common.Xamarin.Startup", "NetStandard\Common.Xamarin.Startup\Common.Xamarin.Startup.csproj", "{EDF31EA8-4341-4019-9044-DCF308569828}"
EndProject
Project("{2150E333-8FDC-42A3-9474-1A3956D46DE8}") = "WPF", "WPF", "{407943AC-A937-4E8F-BCD7-8DBBCBB54811}"
	ProjectSection(SolutionItems) = preProject
		WPF\Directory.Build.props = WPF\Directory.Build.props
	EndProjectSection
EndProject
Project("{2150E333-8FDC-42A3-9474-1A3956D46DE8}") = "Solution Items", "Solution Items", "{477CF2CE-4F42-475E-A345-6F366E9BBAF4}"
	ProjectSection(SolutionItems) = preProject
		.gitignore = .gitignore
		Assembly.cs = Assembly.cs
		CodeAnalysis.ruleset = CodeAnalysis.ruleset
		CodeAnalysis.Test.ruleset = CodeAnalysis.Test.ruleset
		Directory.Build.props = Directory.Build.props
		Scar.Common.sln.DotSettings = Scar.Common.sln.DotSettings
		stylecop.json = stylecop.json
	EndProjectSection
EndProject
Project("{9A19103F-16F7-4668-BE54-9A1E7A4F7556}") = "Common.WPF.CollectionView", "WPF\Common.WPF.CollectionView\Common.WPF.CollectionView.csproj", "{5D7120E1-8501-425D-AB76-6B372FEE75CB}"
EndProject
Global
	GlobalSection(SolutionConfigurationPlatforms) = preSolution
		Debug|Any CPU = Debug|Any CPU
		Release|Any CPU = Release|Any CPU
	EndGlobalSection
	GlobalSection(ProjectConfigurationPlatforms) = postSolution
		{AA9399C6-AAC2-40D8-81C2-072BE82F4605}.Debug|Any CPU.ActiveCfg = Debug|Any CPU
		{AA9399C6-AAC2-40D8-81C2-072BE82F4605}.Debug|Any CPU.Build.0 = Debug|Any CPU
		{AA9399C6-AAC2-40D8-81C2-072BE82F4605}.Release|Any CPU.ActiveCfg = Release|Any CPU
		{AA9399C6-AAC2-40D8-81C2-072BE82F4605}.Release|Any CPU.Build.0 = Release|Any CPU
		{AB0BD04C-9A70-4913-899C-E8C07792F76A}.Debug|Any CPU.ActiveCfg = Debug|Any CPU
		{AB0BD04C-9A70-4913-899C-E8C07792F76A}.Debug|Any CPU.Build.0 = Debug|Any CPU
		{AB0BD04C-9A70-4913-899C-E8C07792F76A}.Release|Any CPU.ActiveCfg = Release|Any CPU
		{AB0BD04C-9A70-4913-899C-E8C07792F76A}.Release|Any CPU.Build.0 = Release|Any CPU
		{071635A7-4DC0-438D-A7CE-54493E137122}.Debug|Any CPU.ActiveCfg = Debug|Any CPU
		{071635A7-4DC0-438D-A7CE-54493E137122}.Debug|Any CPU.Build.0 = Debug|Any CPU
		{071635A7-4DC0-438D-A7CE-54493E137122}.Release|Any CPU.ActiveCfg = Release|Any CPU
		{071635A7-4DC0-438D-A7CE-54493E137122}.Release|Any CPU.Build.0 = Release|Any CPU
		{5226E66D-A51A-4DA9-AB95-93FF9416D8C3}.Debug|Any CPU.ActiveCfg = Debug|Any CPU
		{5226E66D-A51A-4DA9-AB95-93FF9416D8C3}.Debug|Any CPU.Build.0 = Debug|Any CPU
		{5226E66D-A51A-4DA9-AB95-93FF9416D8C3}.Release|Any CPU.ActiveCfg = Release|Any CPU
		{5226E66D-A51A-4DA9-AB95-93FF9416D8C3}.Release|Any CPU.Build.0 = Release|Any CPU
		{76DAD7BD-942F-4614-8A23-15D0F0FBC737}.Debug|Any CPU.ActiveCfg = Debug|Any CPU
		{76DAD7BD-942F-4614-8A23-15D0F0FBC737}.Debug|Any CPU.Build.0 = Debug|Any CPU
		{76DAD7BD-942F-4614-8A23-15D0F0FBC737}.Release|Any CPU.ActiveCfg = Release|Any CPU
		{76DAD7BD-942F-4614-8A23-15D0F0FBC737}.Release|Any CPU.Build.0 = Release|Any CPU
		{CE3F7FAD-0531-48C3-84FF-F1E02FF93B9A}.Debug|Any CPU.ActiveCfg = Debug|Any CPU
		{CE3F7FAD-0531-48C3-84FF-F1E02FF93B9A}.Debug|Any CPU.Build.0 = Debug|Any CPU
		{CE3F7FAD-0531-48C3-84FF-F1E02FF93B9A}.Release|Any CPU.ActiveCfg = Release|Any CPU
		{CE3F7FAD-0531-48C3-84FF-F1E02FF93B9A}.Release|Any CPU.Build.0 = Release|Any CPU
		{9FDEC5F5-4996-45BD-9EFC-CAE6AAD74FB5}.Debug|Any CPU.ActiveCfg = Debug|Any CPU
		{9FDEC5F5-4996-45BD-9EFC-CAE6AAD74FB5}.Debug|Any CPU.Build.0 = Debug|Any CPU
		{9FDEC5F5-4996-45BD-9EFC-CAE6AAD74FB5}.Release|Any CPU.ActiveCfg = Release|Any CPU
		{9FDEC5F5-4996-45BD-9EFC-CAE6AAD74FB5}.Release|Any CPU.Build.0 = Release|Any CPU
		{B6CAD499-6245-41C9-879A-1F7391038FE8}.Debug|Any CPU.ActiveCfg = Debug|Any CPU
		{B6CAD499-6245-41C9-879A-1F7391038FE8}.Debug|Any CPU.Build.0 = Debug|Any CPU
		{B6CAD499-6245-41C9-879A-1F7391038FE8}.Release|Any CPU.ActiveCfg = Release|Any CPU
		{B6CAD499-6245-41C9-879A-1F7391038FE8}.Release|Any CPU.Build.0 = Release|Any CPU
		{494A0A26-8FD6-4816-8479-21AC0AA61D8F}.Debug|Any CPU.ActiveCfg = Debug|Any CPU
		{494A0A26-8FD6-4816-8479-21AC0AA61D8F}.Debug|Any CPU.Build.0 = Debug|Any CPU
		{494A0A26-8FD6-4816-8479-21AC0AA61D8F}.Release|Any CPU.ActiveCfg = Release|Any CPU
		{494A0A26-8FD6-4816-8479-21AC0AA61D8F}.Release|Any CPU.Build.0 = Release|Any CPU
		{2B8B9221-628C-4A32-AB3B-61A1B59DCF85}.Debug|Any CPU.ActiveCfg = Debug|Any CPU
		{2B8B9221-628C-4A32-AB3B-61A1B59DCF85}.Debug|Any CPU.Build.0 = Debug|Any CPU
		{2B8B9221-628C-4A32-AB3B-61A1B59DCF85}.Release|Any CPU.ActiveCfg = Release|Any CPU
		{2B8B9221-628C-4A32-AB3B-61A1B59DCF85}.Release|Any CPU.Build.0 = Release|Any CPU
		{7752B8F1-8020-4E20-B5E7-EEED28209047}.Debug|Any CPU.ActiveCfg = Debug|Any CPU
		{7752B8F1-8020-4E20-B5E7-EEED28209047}.Debug|Any CPU.Build.0 = Debug|Any CPU
		{7752B8F1-8020-4E20-B5E7-EEED28209047}.Release|Any CPU.ActiveCfg = Release|Any CPU
		{7752B8F1-8020-4E20-B5E7-EEED28209047}.Release|Any CPU.Build.0 = Release|Any CPU
		{A1CBB589-FECD-47C2-A9A8-084B3FF943DA}.Debug|Any CPU.ActiveCfg = Debug|Any CPU
		{A1CBB589-FECD-47C2-A9A8-084B3FF943DA}.Debug|Any CPU.Build.0 = Debug|Any CPU
		{A1CBB589-FECD-47C2-A9A8-084B3FF943DA}.Release|Any CPU.ActiveCfg = Release|Any CPU
		{A1CBB589-FECD-47C2-A9A8-084B3FF943DA}.Release|Any CPU.Build.0 = Release|Any CPU
		{3BD0EA64-6304-4468-BAFA-58C48898BB1B}.Debug|Any CPU.ActiveCfg = Debug|Any CPU
		{3BD0EA64-6304-4468-BAFA-58C48898BB1B}.Debug|Any CPU.Build.0 = Debug|Any CPU
		{3BD0EA64-6304-4468-BAFA-58C48898BB1B}.Release|Any CPU.ActiveCfg = Release|Any CPU
		{3BD0EA64-6304-4468-BAFA-58C48898BB1B}.Release|Any CPU.Build.0 = Release|Any CPU
		{B60A0DD3-D82E-4005-B04F-E0361D075260}.Debug|Any CPU.ActiveCfg = Debug|Any CPU
		{B60A0DD3-D82E-4005-B04F-E0361D075260}.Debug|Any CPU.Build.0 = Debug|Any CPU
		{B60A0DD3-D82E-4005-B04F-E0361D075260}.Release|Any CPU.ActiveCfg = Release|Any CPU
		{B60A0DD3-D82E-4005-B04F-E0361D075260}.Release|Any CPU.Build.0 = Release|Any CPU
		{E3771109-8E1E-4305-A788-2647AA291AAF}.Debug|Any CPU.ActiveCfg = Debug|Any CPU
		{E3771109-8E1E-4305-A788-2647AA291AAF}.Debug|Any CPU.Build.0 = Debug|Any CPU
		{E3771109-8E1E-4305-A788-2647AA291AAF}.Release|Any CPU.ActiveCfg = Release|Any CPU
		{E3771109-8E1E-4305-A788-2647AA291AAF}.Release|Any CPU.Build.0 = Release|Any CPU
		{3D99C2EB-3B31-4696-917F-0BB8B36710D7}.Debug|Any CPU.ActiveCfg = Debug|Any CPU
		{3D99C2EB-3B31-4696-917F-0BB8B36710D7}.Debug|Any CPU.Build.0 = Debug|Any CPU
		{3D99C2EB-3B31-4696-917F-0BB8B36710D7}.Release|Any CPU.ActiveCfg = Release|Any CPU
		{3D99C2EB-3B31-4696-917F-0BB8B36710D7}.Release|Any CPU.Build.0 = Release|Any CPU
		{19FC56EC-9859-4473-9941-E04FC5CC1B56}.Debug|Any CPU.ActiveCfg = Debug|Any CPU
		{19FC56EC-9859-4473-9941-E04FC5CC1B56}.Debug|Any CPU.Build.0 = Debug|Any CPU
		{19FC56EC-9859-4473-9941-E04FC5CC1B56}.Release|Any CPU.ActiveCfg = Release|Any CPU
		{19FC56EC-9859-4473-9941-E04FC5CC1B56}.Release|Any CPU.Build.0 = Release|Any CPU
		{6B559844-0663-4A59-86EE-E7F5F05CB32D}.Debug|Any CPU.ActiveCfg = Debug|Any CPU
		{6B559844-0663-4A59-86EE-E7F5F05CB32D}.Debug|Any CPU.Build.0 = Debug|Any CPU
		{6B559844-0663-4A59-86EE-E7F5F05CB32D}.Release|Any CPU.ActiveCfg = Release|Any CPU
		{6B559844-0663-4A59-86EE-E7F5F05CB32D}.Release|Any CPU.Build.0 = Release|Any CPU
		{4CA4CA61-E295-497F-B2FC-A7CB79FCB34E}.Debug|Any CPU.ActiveCfg = Debug|Any CPU
		{4CA4CA61-E295-497F-B2FC-A7CB79FCB34E}.Debug|Any CPU.Build.0 = Debug|Any CPU
		{4CA4CA61-E295-497F-B2FC-A7CB79FCB34E}.Release|Any CPU.ActiveCfg = Release|Any CPU
		{4CA4CA61-E295-497F-B2FC-A7CB79FCB34E}.Release|Any CPU.Build.0 = Release|Any CPU
		{580A7870-5E19-4066-8E5E-136D93D2A5A0}.Debug|Any CPU.ActiveCfg = Debug|Any CPU
		{580A7870-5E19-4066-8E5E-136D93D2A5A0}.Debug|Any CPU.Build.0 = Debug|Any CPU
		{580A7870-5E19-4066-8E5E-136D93D2A5A0}.Release|Any CPU.ActiveCfg = Release|Any CPU
		{580A7870-5E19-4066-8E5E-136D93D2A5A0}.Release|Any CPU.Build.0 = Release|Any CPU
		{8AC9B34E-F4CB-402F-9B89-C81EA6CAE752}.Debug|Any CPU.ActiveCfg = Debug|Any CPU
		{8AC9B34E-F4CB-402F-9B89-C81EA6CAE752}.Debug|Any CPU.Build.0 = Debug|Any CPU
		{8AC9B34E-F4CB-402F-9B89-C81EA6CAE752}.Release|Any CPU.ActiveCfg = Release|Any CPU
		{8AC9B34E-F4CB-402F-9B89-C81EA6CAE752}.Release|Any CPU.Build.0 = Release|Any CPU
		{25597554-6A18-4531-BB9D-2ECF25D607EE}.Debug|Any CPU.ActiveCfg = Debug|Any CPU
		{25597554-6A18-4531-BB9D-2ECF25D607EE}.Debug|Any CPU.Build.0 = Debug|Any CPU
		{25597554-6A18-4531-BB9D-2ECF25D607EE}.Release|Any CPU.ActiveCfg = Release|Any CPU
		{25597554-6A18-4531-BB9D-2ECF25D607EE}.Release|Any CPU.Build.0 = Release|Any CPU
		{CDB110BA-CE3B-49A7-9A22-705A75DB11D6}.Debug|Any CPU.ActiveCfg = Debug|Any CPU
		{CDB110BA-CE3B-49A7-9A22-705A75DB11D6}.Debug|Any CPU.Build.0 = Debug|Any CPU
		{CDB110BA-CE3B-49A7-9A22-705A75DB11D6}.Release|Any CPU.ActiveCfg = Release|Any CPU
		{CDB110BA-CE3B-49A7-9A22-705A75DB11D6}.Release|Any CPU.Build.0 = Release|Any CPU
		{523E90EC-65BB-4EAB-A680-2834C42B840C}.Debug|Any CPU.ActiveCfg = Debug|Any CPU
		{523E90EC-65BB-4EAB-A680-2834C42B840C}.Debug|Any CPU.Build.0 = Debug|Any CPU
		{523E90EC-65BB-4EAB-A680-2834C42B840C}.Release|Any CPU.ActiveCfg = Release|Any CPU
		{523E90EC-65BB-4EAB-A680-2834C42B840C}.Release|Any CPU.Build.0 = Release|Any CPU
		{53D1FE04-05CA-4AC2-A1B5-1B2F8A72B3DB}.Debug|Any CPU.ActiveCfg = Debug|Any CPU
		{53D1FE04-05CA-4AC2-A1B5-1B2F8A72B3DB}.Debug|Any CPU.Build.0 = Debug|Any CPU
		{53D1FE04-05CA-4AC2-A1B5-1B2F8A72B3DB}.Release|Any CPU.ActiveCfg = Release|Any CPU
		{53D1FE04-05CA-4AC2-A1B5-1B2F8A72B3DB}.Release|Any CPU.Build.0 = Release|Any CPU
		{8082A9E1-E32D-4650-A551-B43E7D1B2C1D}.Debug|Any CPU.ActiveCfg = Debug|Any CPU
		{8082A9E1-E32D-4650-A551-B43E7D1B2C1D}.Debug|Any CPU.Build.0 = Debug|Any CPU
		{8082A9E1-E32D-4650-A551-B43E7D1B2C1D}.Release|Any CPU.ActiveCfg = Release|Any CPU
		{8082A9E1-E32D-4650-A551-B43E7D1B2C1D}.Release|Any CPU.Build.0 = Release|Any CPU
		{14EF8DE5-E348-4CA2-904B-504D2527F64D}.Debug|Any CPU.ActiveCfg = Debug|Any CPU
		{14EF8DE5-E348-4CA2-904B-504D2527F64D}.Debug|Any CPU.Build.0 = Debug|Any CPU
		{14EF8DE5-E348-4CA2-904B-504D2527F64D}.Release|Any CPU.ActiveCfg = Release|Any CPU
		{14EF8DE5-E348-4CA2-904B-504D2527F64D}.Release|Any CPU.Build.0 = Release|Any CPU
		{E9203A4E-6D2B-4833-9F75-939C99399C58}.Debug|Any CPU.ActiveCfg = Debug|Any CPU
		{E9203A4E-6D2B-4833-9F75-939C99399C58}.Debug|Any CPU.Build.0 = Debug|Any CPU
		{E9203A4E-6D2B-4833-9F75-939C99399C58}.Release|Any CPU.ActiveCfg = Release|Any CPU
		{E9203A4E-6D2B-4833-9F75-939C99399C58}.Release|Any CPU.Build.0 = Release|Any CPU
		{242AA980-FBBB-4F9D-AF68-7CCC5923A53D}.Debug|Any CPU.ActiveCfg = Debug|Any CPU
		{242AA980-FBBB-4F9D-AF68-7CCC5923A53D}.Debug|Any CPU.Build.0 = Debug|Any CPU
		{242AA980-FBBB-4F9D-AF68-7CCC5923A53D}.Release|Any CPU.ActiveCfg = Release|Any CPU
		{242AA980-FBBB-4F9D-AF68-7CCC5923A53D}.Release|Any CPU.Build.0 = Release|Any CPU
		{42FD17DA-0625-42A6-B613-9921FD1A104D}.Debug|Any CPU.ActiveCfg = Debug|Any CPU
		{42FD17DA-0625-42A6-B613-9921FD1A104D}.Debug|Any CPU.Build.0 = Debug|Any CPU
		{42FD17DA-0625-42A6-B613-9921FD1A104D}.Release|Any CPU.ActiveCfg = Release|Any CPU
		{42FD17DA-0625-42A6-B613-9921FD1A104D}.Release|Any CPU.Build.0 = Release|Any CPU
		{580A7870-5E19-4066-8E5E-136D93D2A5A3}.Debug|Any CPU.ActiveCfg = Debug|Any CPU
		{580A7870-5E19-4066-8E5E-136D93D2A5A3}.Debug|Any CPU.Build.0 = Debug|Any CPU
		{580A7870-5E19-4066-8E5E-136D93D2A5A3}.Release|Any CPU.ActiveCfg = Release|Any CPU
		{580A7870-5E19-4066-8E5E-136D93D2A5A3}.Release|Any CPU.Build.0 = Release|Any CPU
		{A3E70541-8917-4076-A59A-54343AB4B08E}.Debug|Any CPU.ActiveCfg = Debug|Any CPU
		{A3E70541-8917-4076-A59A-54343AB4B08E}.Debug|Any CPU.Build.0 = Debug|Any CPU
		{A3E70541-8917-4076-A59A-54343AB4B08E}.Release|Any CPU.ActiveCfg = Release|Any CPU
		{A3E70541-8917-4076-A59A-54343AB4B08E}.Release|Any CPU.Build.0 = Release|Any CPU
		{E446730E-5EE0-4701-9A5B-A5CF81CC354C}.Debug|Any CPU.ActiveCfg = Debug|Any CPU
		{E446730E-5EE0-4701-9A5B-A5CF81CC354C}.Debug|Any CPU.Build.0 = Debug|Any CPU
		{E446730E-5EE0-4701-9A5B-A5CF81CC354C}.Release|Any CPU.ActiveCfg = Release|Any CPU
		{E446730E-5EE0-4701-9A5B-A5CF81CC354C}.Release|Any CPU.Build.0 = Release|Any CPU
		{B27DDDBC-0D06-471B-9C8A-75AA3290497B}.Debug|Any CPU.ActiveCfg = Debug|Any CPU
		{B27DDDBC-0D06-471B-9C8A-75AA3290497B}.Debug|Any CPU.Build.0 = Debug|Any CPU
		{B27DDDBC-0D06-471B-9C8A-75AA3290497B}.Release|Any CPU.ActiveCfg = Release|Any CPU
		{B27DDDBC-0D06-471B-9C8A-75AA3290497B}.Release|Any CPU.Build.0 = Release|Any CPU
		{77FD16F2-2CBC-437D-BC6F-409804230CC2}.Debug|Any CPU.ActiveCfg = Debug|Any CPU
		{77FD16F2-2CBC-437D-BC6F-409804230CC2}.Debug|Any CPU.Build.0 = Debug|Any CPU
		{77FD16F2-2CBC-437D-BC6F-409804230CC2}.Release|Any CPU.ActiveCfg = Release|Any CPU
		{77FD16F2-2CBC-437D-BC6F-409804230CC2}.Release|Any CPU.Build.0 = Release|Any CPU
		{9CEFE5F5-A973-479B-AC31-B21F3810246A}.Debug|Any CPU.ActiveCfg = Debug|Any CPU
		{9CEFE5F5-A973-479B-AC31-B21F3810246A}.Debug|Any CPU.Build.0 = Debug|Any CPU
		{9CEFE5F5-A973-479B-AC31-B21F3810246A}.Release|Any CPU.ActiveCfg = Release|Any CPU
		{9CEFE5F5-A973-479B-AC31-B21F3810246A}.Release|Any CPU.Build.0 = Release|Any CPU
		{47790A60-2007-4A59-909F-24128740CD46}.Debug|Any CPU.ActiveCfg = Debug|Any CPU
		{47790A60-2007-4A59-909F-24128740CD46}.Debug|Any CPU.Build.0 = Debug|Any CPU
		{47790A60-2007-4A59-909F-24128740CD46}.Release|Any CPU.ActiveCfg = Release|Any CPU
		{47790A60-2007-4A59-909F-24128740CD46}.Release|Any CPU.Build.0 = Release|Any CPU
		{824905B6-25A4-4F4D-8E6D-3498174F03E3}.Debug|Any CPU.ActiveCfg = Debug|Any CPU
		{824905B6-25A4-4F4D-8E6D-3498174F03E3}.Debug|Any CPU.Build.0 = Debug|Any CPU
		{824905B6-25A4-4F4D-8E6D-3498174F03E3}.Release|Any CPU.ActiveCfg = Release|Any CPU
		{824905B6-25A4-4F4D-8E6D-3498174F03E3}.Release|Any CPU.Build.0 = Release|Any CPU
		{D7A4E15F-C320-4DCE-A2F8-FB4B3154E6A9}.Debug|Any CPU.ActiveCfg = Debug|Any CPU
		{D7A4E15F-C320-4DCE-A2F8-FB4B3154E6A9}.Debug|Any CPU.Build.0 = Debug|Any CPU
		{D7A4E15F-C320-4DCE-A2F8-FB4B3154E6A9}.Release|Any CPU.ActiveCfg = Release|Any CPU
		{D7A4E15F-C320-4DCE-A2F8-FB4B3154E6A9}.Release|Any CPU.Build.0 = Release|Any CPU
		{4BD0EA64-6304-4468-BAFA-58C48898BB1B}.Debug|Any CPU.ActiveCfg = Debug|Any CPU
		{4BD0EA64-6304-4468-BAFA-58C48898BB1B}.Debug|Any CPU.Build.0 = Debug|Any CPU
		{4BD0EA64-6304-4468-BAFA-58C48898BB1B}.Release|Any CPU.ActiveCfg = Release|Any CPU
		{4BD0EA64-6304-4468-BAFA-58C48898BB1B}.Release|Any CPU.Build.0 = Release|Any CPU
		{340DE1FD-54C0-49B8-8112-30FFB4019816}.Debug|Any CPU.ActiveCfg = Debug|Any CPU
		{340DE1FD-54C0-49B8-8112-30FFB4019816}.Debug|Any CPU.Build.0 = Debug|Any CPU
		{340DE1FD-54C0-49B8-8112-30FFB4019816}.Release|Any CPU.ActiveCfg = Release|Any CPU
		{340DE1FD-54C0-49B8-8112-30FFB4019816}.Release|Any CPU.Build.0 = Release|Any CPU
		{6AA269F5-3067-4B3B-BA72-1A98C0025E4B}.Debug|Any CPU.ActiveCfg = Debug|Any CPU
		{6AA269F5-3067-4B3B-BA72-1A98C0025E4B}.Debug|Any CPU.Build.0 = Debug|Any CPU
		{6AA269F5-3067-4B3B-BA72-1A98C0025E4B}.Release|Any CPU.ActiveCfg = Release|Any CPU
		{6AA269F5-3067-4B3B-BA72-1A98C0025E4B}.Release|Any CPU.Build.0 = Release|Any CPU
		{AAEAE64E-7DEB-4850-BA41-68610E09E453}.Debug|Any CPU.ActiveCfg = Debug|Any CPU
		{AAEAE64E-7DEB-4850-BA41-68610E09E453}.Debug|Any CPU.Build.0 = Debug|Any CPU
		{AAEAE64E-7DEB-4850-BA41-68610E09E453}.Release|Any CPU.ActiveCfg = Release|Any CPU
		{AAEAE64E-7DEB-4850-BA41-68610E09E453}.Release|Any CPU.Build.0 = Release|Any CPU
		{A2AE8E90-E68F-4916-9960-BCBA0EEDA221}.Debug|Any CPU.ActiveCfg = Debug|Any CPU
		{A2AE8E90-E68F-4916-9960-BCBA0EEDA221}.Debug|Any CPU.Build.0 = Debug|Any CPU
		{A2AE8E90-E68F-4916-9960-BCBA0EEDA221}.Release|Any CPU.ActiveCfg = Release|Any CPU
		{A2AE8E90-E68F-4916-9960-BCBA0EEDA221}.Release|Any CPU.Build.0 = Release|Any CPU
		{007435DC-B358-4B68-B7FA-B9AA86CDFDC8}.Debug|Any CPU.ActiveCfg = Debug|Any CPU
		{007435DC-B358-4B68-B7FA-B9AA86CDFDC8}.Debug|Any CPU.Build.0 = Debug|Any CPU
		{007435DC-B358-4B68-B7FA-B9AA86CDFDC8}.Release|Any CPU.ActiveCfg = Release|Any CPU
		{007435DC-B358-4B68-B7FA-B9AA86CDFDC8}.Release|Any CPU.Build.0 = Release|Any CPU
		{35B636C1-D376-4A9F-9CCA-FB73A2220E83}.Debug|Any CPU.ActiveCfg = Debug|Any CPU
		{35B636C1-D376-4A9F-9CCA-FB73A2220E83}.Debug|Any CPU.Build.0 = Debug|Any CPU
		{35B636C1-D376-4A9F-9CCA-FB73A2220E83}.Release|Any CPU.ActiveCfg = Release|Any CPU
		{35B636C1-D376-4A9F-9CCA-FB73A2220E83}.Release|Any CPU.Build.0 = Release|Any CPU
		{EDF31EA8-4341-4019-9044-DCF308569828}.Debug|Any CPU.ActiveCfg = Debug|Any CPU
		{EDF31EA8-4341-4019-9044-DCF308569828}.Debug|Any CPU.Build.0 = Debug|Any CPU
		{EDF31EA8-4341-4019-9044-DCF308569828}.Release|Any CPU.ActiveCfg = Release|Any CPU
		{EDF31EA8-4341-4019-9044-DCF308569828}.Release|Any CPU.Build.0 = Release|Any CPU
		{5D7120E1-8501-425D-AB76-6B372FEE75CB}.Debug|Any CPU.ActiveCfg = Debug|Any CPU
		{5D7120E1-8501-425D-AB76-6B372FEE75CB}.Debug|Any CPU.Build.0 = Debug|Any CPU
		{5D7120E1-8501-425D-AB76-6B372FEE75CB}.Release|Any CPU.ActiveCfg = Release|Any CPU
		{5D7120E1-8501-425D-AB76-6B372FEE75CB}.Release|Any CPU.Build.0 = Release|Any CPU
	EndGlobalSection
	GlobalSection(SolutionProperties) = preSolution
		HideSolutionNode = FALSE
	EndGlobalSection
	GlobalSection(NestedProjects) = preSolution
		{AA9399C6-AAC2-40D8-81C2-072BE82F4605} = {74558523-84FA-4567-9305-E0D55054950E}
		{AB0BD04C-9A70-4913-899C-E8C07792F76A} = {74558523-84FA-4567-9305-E0D55054950E}
		{071635A7-4DC0-438D-A7CE-54493E137122} = {74558523-84FA-4567-9305-E0D55054950E}
		{5226E66D-A51A-4DA9-AB95-93FF9416D8C3} = {74558523-84FA-4567-9305-E0D55054950E}
		{76DAD7BD-942F-4614-8A23-15D0F0FBC737} = {74558523-84FA-4567-9305-E0D55054950E}
		{CE3F7FAD-0531-48C3-84FF-F1E02FF93B9A} = {74558523-84FA-4567-9305-E0D55054950E}
		{B6CAD499-6245-41C9-879A-1F7391038FE8} = {74558523-84FA-4567-9305-E0D55054950E}
		{494A0A26-8FD6-4816-8479-21AC0AA61D8F} = {74558523-84FA-4567-9305-E0D55054950E}
		{A1CBB589-FECD-47C2-A9A8-084B3FF943DA} = {74558523-84FA-4567-9305-E0D55054950E}
		{3BD0EA64-6304-4468-BAFA-58C48898BB1B} = {74558523-84FA-4567-9305-E0D55054950E}
		{B60A0DD3-D82E-4005-B04F-E0361D075260} = {74558523-84FA-4567-9305-E0D55054950E}
		{E3771109-8E1E-4305-A788-2647AA291AAF} = {74558523-84FA-4567-9305-E0D55054950E}
		{19FC56EC-9859-4473-9941-E04FC5CC1B56} = {407943AC-A937-4E8F-BCD7-8DBBCBB54811}
		{6B559844-0663-4A59-86EE-E7F5F05CB32D} = {407943AC-A937-4E8F-BCD7-8DBBCBB54811}
		{4CA4CA61-E295-497F-B2FC-A7CB79FCB34E} = {407943AC-A937-4E8F-BCD7-8DBBCBB54811}
		{580A7870-5E19-4066-8E5E-136D93D2A5A0} = {407943AC-A937-4E8F-BCD7-8DBBCBB54811}
		{8AC9B34E-F4CB-402F-9B89-C81EA6CAE752} = {407943AC-A937-4E8F-BCD7-8DBBCBB54811}
		{25597554-6A18-4531-BB9D-2ECF25D607EE} = {407943AC-A937-4E8F-BCD7-8DBBCBB54811}
		{CDB110BA-CE3B-49A7-9A22-705A75DB11D6} = {407943AC-A937-4E8F-BCD7-8DBBCBB54811}
		{523E90EC-65BB-4EAB-A680-2834C42B840C} = {407943AC-A937-4E8F-BCD7-8DBBCBB54811}
		{53D1FE04-05CA-4AC2-A1B5-1B2F8A72B3DB} = {407943AC-A937-4E8F-BCD7-8DBBCBB54811}
		{8082A9E1-E32D-4650-A551-B43E7D1B2C1D} = {407943AC-A937-4E8F-BCD7-8DBBCBB54811}
		{14EF8DE5-E348-4CA2-904B-504D2527F64D} = {407943AC-A937-4E8F-BCD7-8DBBCBB54811}
		{E9203A4E-6D2B-4833-9F75-939C99399C58} = {407943AC-A937-4E8F-BCD7-8DBBCBB54811}
		{242AA980-FBBB-4F9D-AF68-7CCC5923A53D} = {407943AC-A937-4E8F-BCD7-8DBBCBB54811}
		{42FD17DA-0625-42A6-B613-9921FD1A104D} = {407943AC-A937-4E8F-BCD7-8DBBCBB54811}
		{580A7870-5E19-4066-8E5E-136D93D2A5A3} = {407943AC-A937-4E8F-BCD7-8DBBCBB54811}
		{A3E70541-8917-4076-A59A-54343AB4B08E} = {74558523-84FA-4567-9305-E0D55054950E}
		{E446730E-5EE0-4701-9A5B-A5CF81CC354C} = {407943AC-A937-4E8F-BCD7-8DBBCBB54811}
		{B27DDDBC-0D06-471B-9C8A-75AA3290497B} = {74558523-84FA-4567-9305-E0D55054950E}
		{77FD16F2-2CBC-437D-BC6F-409804230CC2} = {74558523-84FA-4567-9305-E0D55054950E}
		{9CEFE5F5-A973-479B-AC31-B21F3810246A} = {74558523-84FA-4567-9305-E0D55054950E}
		{47790A60-2007-4A59-909F-24128740CD46} = {74558523-84FA-4567-9305-E0D55054950E}
		{824905B6-25A4-4F4D-8E6D-3498174F03E3} = {74558523-84FA-4567-9305-E0D55054950E}
		{D7A4E15F-C320-4DCE-A2F8-FB4B3154E6A9} = {74558523-84FA-4567-9305-E0D55054950E}
		{340DE1FD-54C0-49B8-8112-30FFB4019816} = {74558523-84FA-4567-9305-E0D55054950E}
		{6AA269F5-3067-4B3B-BA72-1A98C0025E4B} = {74558523-84FA-4567-9305-E0D55054950E}
		{AAEAE64E-7DEB-4850-BA41-68610E09E453} = {74558523-84FA-4567-9305-E0D55054950E}
		{A2AE8E90-E68F-4916-9960-BCBA0EEDA221} = {74558523-84FA-4567-9305-E0D55054950E}
		{007435DC-B358-4B68-B7FA-B9AA86CDFDC8} = {74558523-84FA-4567-9305-E0D55054950E}
		{35B636C1-D376-4A9F-9CCA-FB73A2220E83} = {74558523-84FA-4567-9305-E0D55054950E}
		{4434ED6C-2998-4D1F-B9B4-4D90045E4C50} = {74558523-84FA-4567-9305-E0D55054950E}
		{EDF31EA8-4341-4019-9044-DCF308569828} = {4434ED6C-2998-4D1F-B9B4-4D90045E4C50}
		{5D7120E1-8501-425D-AB76-6B372FEE75CB} = {407943AC-A937-4E8F-BCD7-8DBBCBB54811}
	EndGlobalSection
	GlobalSection(ExtensibilityGlobals) = postSolution
		SolutionGuid = {24C9D89F-376A-40CA-9846-76B97230738A}
	EndGlobalSection
EndGlobal
